// !$*UTF8*$!
{
	archiveVersion = 1;
	classes = {
	};
	objectVersion = 46;
	objects = {

/* Begin PBXAggregateTarget section */
		"InterviewPrepCore::InterviewPrepCorePackageTests::ProductTarget" /* InterviewPrepCorePackageTests */ = {
			isa = PBXAggregateTarget;
			buildConfigurationList = OBJ_162 /* Build configuration list for PBXAggregateTarget "InterviewPrepCorePackageTests" */;
			buildPhases = (
			);
			dependencies = (
				OBJ_165 /* PBXTargetDependency */,
			);
			name = InterviewPrepCorePackageTests;
			productName = InterviewPrepCorePackageTests;
		};
/* End PBXAggregateTarget section */

/* Begin PBXBuildFile section */
		284FE15E22C5B466633E4264 /* WeightedAdjacencyMatrix.swift in Sources */ = {isa = PBXBuildFile; fileRef = 284FEDB6313543FCA2E37DEE /* WeightedAdjacencyMatrix.swift */; };
		284FE1E1E8A235B5DD87D3A4 /* AdjacencyMatrixTests.swift in Sources */ = {isa = PBXBuildFile; fileRef = 284FEDD6EBF61EA6A30055EE /* AdjacencyMatrixTests.swift */; };
		284FE1EC86C1C0AF414B4A91 /* ListyTests.swift in Sources */ = {isa = PBXBuildFile; fileRef = 284FE3DE3FE750AE3EEA76BE /* ListyTests.swift */; };
		284FE2FC4AF74D20E493FEF6 /* AdjacencyMatrix.swift in Sources */ = {isa = PBXBuildFile; fileRef = 284FE84B0EBC142B98EEEA7A /* AdjacencyMatrix.swift */; };
		284FE3A088EC342893F1D934 /* WeightedAdjacencyMatrixTests.swift in Sources */ = {isa = PBXBuildFile; fileRef = 284FE399FA9B34078691CA0D /* WeightedAdjacencyMatrixTests.swift */; };
		284FE40AD9CAF9A1E66F2C04 /* TopologicalSortError.swift in Sources */ = {isa = PBXBuildFile; fileRef = 284FE98D876456F39E2D28CA /* TopologicalSortError.swift */; };
		284FE428A885CE0960BF264B /* AdjacencyMatrixError.swift in Sources */ = {isa = PBXBuildFile; fileRef = 284FE1AEC6854DB433DBE80C /* AdjacencyMatrixError.swift */; };
		284FE4E8FDC5BCCDB2D19040 /* ProjectDependencyGraph.swift in Sources */ = {isa = PBXBuildFile; fileRef = 284FE6944722439773FF3B6A /* ProjectDependencyGraph.swift */; };
		284FE509AFC51B4C18ADE6CC /* IntExtensionTests.swift in Sources */ = {isa = PBXBuildFile; fileRef = 284FE2C99F64EF9A1F1B84BD /* IntExtensionTests.swift */; };
		284FE77EF9DD34401636DFE6 /* Listy.swift in Sources */ = {isa = PBXBuildFile; fileRef = 284FE629EBB1096D43C9A7D3 /* Listy.swift */; };
		284FE9227BACBA6FAF6C41AB /* ProjectDependencyGraphTests.swift in Sources */ = {isa = PBXBuildFile; fileRef = 284FEA7CD488E3B9AF74303E /* ProjectDependencyGraphTests.swift */; };
		284FEB69E9C702C017A7EBD5 /* ArrayExtensionTests.swift in Sources */ = {isa = PBXBuildFile; fileRef = 284FE495ACBDB14B316FF125 /* ArrayExtensionTests.swift */; };
		284FEBC41154D04526D4297D /* DiscreteMathTests.swift in Sources */ = {isa = PBXBuildFile; fileRef = 284FE69B21AF73DC2973CD65 /* DiscreteMathTests.swift */; };
		284FEC10D1F7C2AF7AD55D55 /* BinaryTreeNodeTests.swift in Sources */ = {isa = PBXBuildFile; fileRef = 284FEA43C05AC9F2AD1D3EB5 /* BinaryTreeNodeTests.swift */; };
		284FED3BC9A1C7AFA18AB917 /* DijkstrasAlgorithmHeapElement.swift in Sources */ = {isa = PBXBuildFile; fileRef = 284FE75A631A629E635B2160 /* DijkstrasAlgorithmHeapElement.swift */; };
		284FED8E054D29AA2075652E /* ArrayMerger.swift in Sources */ = {isa = PBXBuildFile; fileRef = 284FE584B361B4FB5D18F4F5 /* ArrayMerger.swift */; };
		284FED8F56CF0C506E2BD1E7 /* Recursion.swift in Sources */ = {isa = PBXBuildFile; fileRef = 284FED61A17E1B48EE529AB8 /* Recursion.swift */; };
		284FEE08EE466D22C9D289EF /* RecursionTests.swift in Sources */ = {isa = PBXBuildFile; fileRef = 284FE26B7BE80A370607579A /* RecursionTests.swift */; };
		284FEE5A1FC12E71A0420E45 /* ArrayMergerTests.swift in Sources */ = {isa = PBXBuildFile; fileRef = 284FEA9BC1A232C2496B8C0C /* ArrayMergerTests.swift */; };
		284FEF3BC2DAE89A03D50889 /* DiscreteMath.swift in Sources */ = {isa = PBXBuildFile; fileRef = 284FEBB865EABC2324710E3D /* DiscreteMath.swift */; };
		284FEFF69AE6044DC79DC71D /* BinaryTreeNodeChildDirection.swift in Sources */ = {isa = PBXBuildFile; fileRef = 284FED7C9960E67410687803 /* BinaryTreeNodeChildDirection.swift */; };
		OBJ_124 /* BinarySearchTree.swift in Sources */ = {isa = PBXBuildFile; fileRef = OBJ_17 /* BinarySearchTree.swift */; };
		OBJ_126 /* BinaryTreeNode.swift in Sources */ = {isa = PBXBuildFile; fileRef = OBJ_20 /* BinaryTreeNode.swift */; };
		OBJ_127 /* BitManipulator.swift in Sources */ = {isa = PBXBuildFile; fileRef = OBJ_22 /* BitManipulator.swift */; };
		OBJ_129 /* DynamicProgramming.swift in Sources */ = {isa = PBXBuildFile; fileRef = OBJ_26 /* DynamicProgramming.swift */; };
		OBJ_130 /* ArrayExtension.swift in Sources */ = {isa = PBXBuildFile; fileRef = OBJ_28 /* ArrayExtension.swift */; };
		OBJ_131 /* IntExtension.swift in Sources */ = {isa = PBXBuildFile; fileRef = OBJ_29 /* IntExtension.swift */; };
		OBJ_132 /* StringExtension.swift in Sources */ = {isa = PBXBuildFile; fileRef = OBJ_30 /* StringExtension.swift */; };
		OBJ_133 /* CardGame.swift in Sources */ = {isa = PBXBuildFile; fileRef = OBJ_32 /* CardGame.swift */; };
		OBJ_134 /* EdgeDirectionType.swift in Sources */ = {isa = PBXBuildFile; fileRef = OBJ_34 /* EdgeDirectionType.swift */; };
		OBJ_135 /* Graph.swift in Sources */ = {isa = PBXBuildFile; fileRef = OBJ_35 /* Graph.swift */; };
		OBJ_136 /* GridPath.swift in Sources */ = {isa = PBXBuildFile; fileRef = OBJ_37 /* GridPath.swift */; };
		OBJ_137 /* GridPoint.swift in Sources */ = {isa = PBXBuildFile; fileRef = OBJ_38 /* GridPoint.swift */; };
		OBJ_138 /* HashTable.swift in Sources */ = {isa = PBXBuildFile; fileRef = OBJ_40 /* HashTable.swift */; };
		OBJ_139 /* Heap.swift in Sources */ = {isa = PBXBuildFile; fileRef = OBJ_42 /* Heap.swift */; };
		OBJ_140 /* HeapType.swift in Sources */ = {isa = PBXBuildFile; fileRef = OBJ_43 /* HeapType.swift */; };
		OBJ_141 /* LinkedList.swift in Sources */ = {isa = PBXBuildFile; fileRef = OBJ_45 /* LinkedList.swift */; };
		OBJ_142 /* ListNode.swift in Sources */ = {isa = PBXBuildFile; fileRef = OBJ_47 /* ListNode.swift */; };
		OBJ_143 /* PrimeNumberChecker.swift in Sources */ = {isa = PBXBuildFile; fileRef = OBJ_49 /* PrimeNumberChecker.swift */; };
		OBJ_144 /* Queue.swift in Sources */ = {isa = PBXBuildFile; fileRef = OBJ_51 /* Queue.swift */; };
		OBJ_146 /* Searcher.swift in Sources */ = {isa = PBXBuildFile; fileRef = OBJ_55 /* Searcher.swift */; };
		OBJ_147 /* Restaurant.swift in Sources */ = {isa = PBXBuildFile; fileRef = OBJ_57 /* Restaurant.swift */; };
		OBJ_148 /* Sorter.swift in Sources */ = {isa = PBXBuildFile; fileRef = OBJ_59 /* Sorter.swift */; };
		OBJ_149 /* Stack.swift in Sources */ = {isa = PBXBuildFile; fileRef = OBJ_61 /* Stack.swift */; };
		OBJ_150 /* StackWithMin.swift in Sources */ = {isa = PBXBuildFile; fileRef = OBJ_62 /* StackWithMin.swift */; };
		OBJ_151 /* StringBuilder.swift in Sources */ = {isa = PBXBuildFile; fileRef = OBJ_64 /* StringBuilder.swift */; };
		OBJ_152 /* Trie.swift in Sources */ = {isa = PBXBuildFile; fileRef = OBJ_66 /* Trie.swift */; };
		OBJ_153 /* TrieSearchType.swift in Sources */ = {isa = PBXBuildFile; fileRef = OBJ_67 /* TrieSearchType.swift */; };
		OBJ_160 /* Package.swift in Sources */ = {isa = PBXBuildFile; fileRef = OBJ_6 /* Package.swift */; };
		OBJ_171 /* BinarySearchTreeTests.swift in Sources */ = {isa = PBXBuildFile; fileRef = OBJ_71 /* BinarySearchTreeTests.swift */; };
		OBJ_172 /* BitManipulatorTests.swift in Sources */ = {isa = PBXBuildFile; fileRef = OBJ_73 /* BitManipulatorTests.swift */; };
		OBJ_173 /* DynamicProgrammingTests.swift in Sources */ = {isa = PBXBuildFile; fileRef = OBJ_75 /* DynamicProgrammingTests.swift */; };
		OBJ_174 /* StringExtensionTests.swift in Sources */ = {isa = PBXBuildFile; fileRef = OBJ_77 /* StringExtensionTests.swift */; };
		OBJ_175 /* CardGameTests.swift in Sources */ = {isa = PBXBuildFile; fileRef = OBJ_79 /* CardGameTests.swift */; };
		OBJ_176 /* GraphTests.swift in Sources */ = {isa = PBXBuildFile; fileRef = OBJ_81 /* GraphTests.swift */; };
		OBJ_177 /* HashTableTests.swift in Sources */ = {isa = PBXBuildFile; fileRef = OBJ_83 /* HashTableTests.swift */; };
		OBJ_178 /* HeapTests.swift in Sources */ = {isa = PBXBuildFile; fileRef = OBJ_85 /* HeapTests.swift */; };
		OBJ_179 /* LinkedListTests.swift in Sources */ = {isa = PBXBuildFile; fileRef = OBJ_87 /* LinkedListTests.swift */; };
		OBJ_180 /* PrimeNumberCheckerTests.swift in Sources */ = {isa = PBXBuildFile; fileRef = OBJ_89 /* PrimeNumberCheckerTests.swift */; };
		OBJ_181 /* QueueTests.swift in Sources */ = {isa = PBXBuildFile; fileRef = OBJ_91 /* QueueTests.swift */; };
		OBJ_183 /* SearcherTests.swift in Sources */ = {isa = PBXBuildFile; fileRef = OBJ_95 /* SearcherTests.swift */; };
		OBJ_184 /* RestaurantTests.swift in Sources */ = {isa = PBXBuildFile; fileRef = OBJ_97 /* RestaurantTests.swift */; };
		OBJ_185 /* Person.swift in Sources */ = {isa = PBXBuildFile; fileRef = OBJ_99 /* Person.swift */; };
		OBJ_186 /* SorterTests.swift in Sources */ = {isa = PBXBuildFile; fileRef = OBJ_100 /* SorterTests.swift */; };
		OBJ_187 /* StackTests.swift in Sources */ = {isa = PBXBuildFile; fileRef = OBJ_102 /* StackTests.swift */; };
		OBJ_188 /* StackWithMinTests.swift in Sources */ = {isa = PBXBuildFile; fileRef = OBJ_103 /* StackWithMinTests.swift */; };
		OBJ_189 /* StringBuilderTests.swift in Sources */ = {isa = PBXBuildFile; fileRef = OBJ_105 /* StringBuilderTests.swift */; };
		OBJ_190 /* TrieTests.swift in Sources */ = {isa = PBXBuildFile; fileRef = OBJ_107 /* TrieTests.swift */; };
		OBJ_191 /* XCTestManifests.swift in Sources */ = {isa = PBXBuildFile; fileRef = OBJ_108 /* XCTestManifests.swift */; };
		OBJ_193 /* InterviewPrepCore.framework in Frameworks */ = {isa = PBXBuildFile; fileRef = "InterviewPrepCore::InterviewPrepCore::Product" /* InterviewPrepCore.framework */; };
/* End PBXBuildFile section */

/* Begin PBXContainerItemProxy section */
		FE9CB977241BBD9600F45817 /* PBXContainerItemProxy */ = {
			isa = PBXContainerItemProxy;
			containerPortal = OBJ_1 /* Project object */;
			proxyType = 1;
			remoteGlobalIDString = InterviewPrepCore::InterviewPrepCore;
			remoteInfo = InterviewPrepCore;
		};
		FE9CB978241BBD9800F45817 /* PBXContainerItemProxy */ = {
			isa = PBXContainerItemProxy;
			containerPortal = OBJ_1 /* Project object */;
			proxyType = 1;
			remoteGlobalIDString = InterviewPrepCore::InterviewPrepCoreTests;
			remoteInfo = InterviewPrepCoreTests;
		};
/* End PBXContainerItemProxy section */

/* Begin PBXFileReference section */
		284FE1AEC6854DB433DBE80C /* AdjacencyMatrixError.swift */ = {isa = PBXFileReference; fileEncoding = 4; lastKnownFileType = sourcecode.swift; path = AdjacencyMatrixError.swift; sourceTree = "<group>"; };
		284FE26B7BE80A370607579A /* RecursionTests.swift */ = {isa = PBXFileReference; fileEncoding = 4; lastKnownFileType = sourcecode.swift; path = RecursionTests.swift; sourceTree = "<group>"; };
		284FE2C99F64EF9A1F1B84BD /* IntExtensionTests.swift */ = {isa = PBXFileReference; fileEncoding = 4; lastKnownFileType = sourcecode.swift; path = IntExtensionTests.swift; sourceTree = "<group>"; };
		284FE399FA9B34078691CA0D /* WeightedAdjacencyMatrixTests.swift */ = {isa = PBXFileReference; fileEncoding = 4; lastKnownFileType = sourcecode.swift; path = WeightedAdjacencyMatrixTests.swift; sourceTree = "<group>"; };
		284FE3DE3FE750AE3EEA76BE /* ListyTests.swift */ = {isa = PBXFileReference; fileEncoding = 4; lastKnownFileType = sourcecode.swift; path = ListyTests.swift; sourceTree = "<group>"; };
		284FE495ACBDB14B316FF125 /* ArrayExtensionTests.swift */ = {isa = PBXFileReference; fileEncoding = 4; lastKnownFileType = sourcecode.swift; path = ArrayExtensionTests.swift; sourceTree = "<group>"; };
		284FE584B361B4FB5D18F4F5 /* ArrayMerger.swift */ = {isa = PBXFileReference; fileEncoding = 4; lastKnownFileType = sourcecode.swift; path = ArrayMerger.swift; sourceTree = "<group>"; };
		284FE629EBB1096D43C9A7D3 /* Listy.swift */ = {isa = PBXFileReference; fileEncoding = 4; lastKnownFileType = sourcecode.swift; path = Listy.swift; sourceTree = "<group>"; };
		284FE6944722439773FF3B6A /* ProjectDependencyGraph.swift */ = {isa = PBXFileReference; fileEncoding = 4; lastKnownFileType = sourcecode.swift; path = ProjectDependencyGraph.swift; sourceTree = "<group>"; };
		284FE69B21AF73DC2973CD65 /* DiscreteMathTests.swift */ = {isa = PBXFileReference; fileEncoding = 4; lastKnownFileType = sourcecode.swift; path = DiscreteMathTests.swift; sourceTree = "<group>"; };
		284FE75A631A629E635B2160 /* DijkstrasAlgorithmHeapElement.swift */ = {isa = PBXFileReference; fileEncoding = 4; lastKnownFileType = sourcecode.swift; path = DijkstrasAlgorithmHeapElement.swift; sourceTree = "<group>"; };
		284FE84B0EBC142B98EEEA7A /* AdjacencyMatrix.swift */ = {isa = PBXFileReference; fileEncoding = 4; lastKnownFileType = sourcecode.swift; path = AdjacencyMatrix.swift; sourceTree = "<group>"; };
		284FE98D876456F39E2D28CA /* TopologicalSortError.swift */ = {isa = PBXFileReference; fileEncoding = 4; lastKnownFileType = sourcecode.swift; path = TopologicalSortError.swift; sourceTree = "<group>"; };
		284FEA43C05AC9F2AD1D3EB5 /* BinaryTreeNodeTests.swift */ = {isa = PBXFileReference; fileEncoding = 4; lastKnownFileType = sourcecode.swift; path = BinaryTreeNodeTests.swift; sourceTree = "<group>"; };
		284FEA7CD488E3B9AF74303E /* ProjectDependencyGraphTests.swift */ = {isa = PBXFileReference; fileEncoding = 4; lastKnownFileType = sourcecode.swift; path = ProjectDependencyGraphTests.swift; sourceTree = "<group>"; };
		284FEA9BC1A232C2496B8C0C /* ArrayMergerTests.swift */ = {isa = PBXFileReference; fileEncoding = 4; lastKnownFileType = sourcecode.swift; path = ArrayMergerTests.swift; sourceTree = "<group>"; };
		284FEBB865EABC2324710E3D /* DiscreteMath.swift */ = {isa = PBXFileReference; fileEncoding = 4; lastKnownFileType = sourcecode.swift; path = DiscreteMath.swift; sourceTree = "<group>"; };
		284FED61A17E1B48EE529AB8 /* Recursion.swift */ = {isa = PBXFileReference; fileEncoding = 4; lastKnownFileType = sourcecode.swift; path = Recursion.swift; sourceTree = "<group>"; };
		284FED7C9960E67410687803 /* BinaryTreeNodeChildDirection.swift */ = {isa = PBXFileReference; fileEncoding = 4; lastKnownFileType = sourcecode.swift; path = BinaryTreeNodeChildDirection.swift; sourceTree = "<group>"; };
		284FEDB6313543FCA2E37DEE /* WeightedAdjacencyMatrix.swift */ = {isa = PBXFileReference; fileEncoding = 4; lastKnownFileType = sourcecode.swift; path = WeightedAdjacencyMatrix.swift; sourceTree = "<group>"; };
		284FEDD6EBF61EA6A30055EE /* AdjacencyMatrixTests.swift */ = {isa = PBXFileReference; fileEncoding = 4; lastKnownFileType = sourcecode.swift; path = AdjacencyMatrixTests.swift; sourceTree = "<group>"; };
		"InterviewPrepCore::InterviewPrepCore::Product" /* InterviewPrepCore.framework */ = {isa = PBXFileReference; lastKnownFileType = wrapper.framework; path = InterviewPrepCore.framework; sourceTree = BUILT_PRODUCTS_DIR; };
		"InterviewPrepCore::InterviewPrepCoreTests::Product" /* InterviewPrepCoreTests.xctest */ = {isa = PBXFileReference; lastKnownFileType = file; path = InterviewPrepCoreTests.xctest; sourceTree = BUILT_PRODUCTS_DIR; };
		OBJ_100 /* SorterTests.swift */ = {isa = PBXFileReference; lastKnownFileType = sourcecode.swift; path = SorterTests.swift; sourceTree = "<group>"; };
		OBJ_102 /* StackTests.swift */ = {isa = PBXFileReference; lastKnownFileType = sourcecode.swift; path = StackTests.swift; sourceTree = "<group>"; };
		OBJ_103 /* StackWithMinTests.swift */ = {isa = PBXFileReference; lastKnownFileType = sourcecode.swift; path = StackWithMinTests.swift; sourceTree = "<group>"; };
		OBJ_105 /* StringBuilderTests.swift */ = {isa = PBXFileReference; lastKnownFileType = sourcecode.swift; path = StringBuilderTests.swift; sourceTree = "<group>"; };
		OBJ_107 /* TrieTests.swift */ = {isa = PBXFileReference; lastKnownFileType = sourcecode.swift; path = TrieTests.swift; sourceTree = "<group>"; };
		OBJ_108 /* XCTestManifests.swift */ = {isa = PBXFileReference; lastKnownFileType = sourcecode.swift; path = XCTestManifests.swift; sourceTree = "<group>"; };
		OBJ_112 /* README.md */ = {isa = PBXFileReference; lastKnownFileType = net.daringfireball.markdown; path = README.md; sourceTree = "<group>"; };
		OBJ_17 /* BinarySearchTree.swift */ = {isa = PBXFileReference; lastKnownFileType = sourcecode.swift; path = BinarySearchTree.swift; sourceTree = "<group>"; };
		OBJ_20 /* BinaryTreeNode.swift */ = {isa = PBXFileReference; lastKnownFileType = sourcecode.swift; path = BinaryTreeNode.swift; sourceTree = "<group>"; };
		OBJ_22 /* BitManipulator.swift */ = {isa = PBXFileReference; lastKnownFileType = sourcecode.swift; path = BitManipulator.swift; sourceTree = "<group>"; };
		OBJ_26 /* DynamicProgramming.swift */ = {isa = PBXFileReference; lastKnownFileType = sourcecode.swift; path = DynamicProgramming.swift; sourceTree = "<group>"; };
		OBJ_28 /* ArrayExtension.swift */ = {isa = PBXFileReference; lastKnownFileType = sourcecode.swift; path = ArrayExtension.swift; sourceTree = "<group>"; };
		OBJ_29 /* IntExtension.swift */ = {isa = PBXFileReference; lastKnownFileType = sourcecode.swift; path = IntExtension.swift; sourceTree = "<group>"; };
		OBJ_30 /* StringExtension.swift */ = {isa = PBXFileReference; lastKnownFileType = sourcecode.swift; path = StringExtension.swift; sourceTree = "<group>"; };
		OBJ_32 /* CardGame.swift */ = {isa = PBXFileReference; lastKnownFileType = sourcecode.swift; path = CardGame.swift; sourceTree = "<group>"; };
		OBJ_34 /* EdgeDirectionType.swift */ = {isa = PBXFileReference; lastKnownFileType = sourcecode.swift; path = EdgeDirectionType.swift; sourceTree = "<group>"; };
		OBJ_35 /* Graph.swift */ = {isa = PBXFileReference; lastKnownFileType = sourcecode.swift; path = Graph.swift; sourceTree = "<group>"; };
		OBJ_37 /* GridPath.swift */ = {isa = PBXFileReference; lastKnownFileType = sourcecode.swift; path = GridPath.swift; sourceTree = "<group>"; };
		OBJ_38 /* GridPoint.swift */ = {isa = PBXFileReference; lastKnownFileType = sourcecode.swift; path = GridPoint.swift; sourceTree = "<group>"; };
		OBJ_40 /* HashTable.swift */ = {isa = PBXFileReference; lastKnownFileType = sourcecode.swift; path = HashTable.swift; sourceTree = "<group>"; };
		OBJ_42 /* Heap.swift */ = {isa = PBXFileReference; lastKnownFileType = sourcecode.swift; path = Heap.swift; sourceTree = "<group>"; };
		OBJ_43 /* HeapType.swift */ = {isa = PBXFileReference; lastKnownFileType = sourcecode.swift; path = HeapType.swift; sourceTree = "<group>"; };
		OBJ_45 /* LinkedList.swift */ = {isa = PBXFileReference; lastKnownFileType = sourcecode.swift; path = LinkedList.swift; sourceTree = "<group>"; };
		OBJ_47 /* ListNode.swift */ = {isa = PBXFileReference; lastKnownFileType = sourcecode.swift; path = ListNode.swift; sourceTree = "<group>"; };
		OBJ_49 /* PrimeNumberChecker.swift */ = {isa = PBXFileReference; lastKnownFileType = sourcecode.swift; path = PrimeNumberChecker.swift; sourceTree = "<group>"; };
		OBJ_51 /* Queue.swift */ = {isa = PBXFileReference; lastKnownFileType = sourcecode.swift; path = Queue.swift; sourceTree = "<group>"; };
		OBJ_55 /* Searcher.swift */ = {isa = PBXFileReference; lastKnownFileType = sourcecode.swift; path = Searcher.swift; sourceTree = "<group>"; };
		OBJ_57 /* Restaurant.swift */ = {isa = PBXFileReference; lastKnownFileType = sourcecode.swift; path = Restaurant.swift; sourceTree = "<group>"; };
		OBJ_59 /* Sorter.swift */ = {isa = PBXFileReference; lastKnownFileType = sourcecode.swift; path = Sorter.swift; sourceTree = "<group>"; };
		OBJ_6 /* Package.swift */ = {isa = PBXFileReference; explicitFileType = sourcecode.swift; path = Package.swift; sourceTree = "<group>"; };
		OBJ_61 /* Stack.swift */ = {isa = PBXFileReference; lastKnownFileType = sourcecode.swift; path = Stack.swift; sourceTree = "<group>"; };
		OBJ_62 /* StackWithMin.swift */ = {isa = PBXFileReference; lastKnownFileType = sourcecode.swift; path = StackWithMin.swift; sourceTree = "<group>"; };
		OBJ_64 /* StringBuilder.swift */ = {isa = PBXFileReference; lastKnownFileType = sourcecode.swift; path = StringBuilder.swift; sourceTree = "<group>"; };
		OBJ_66 /* Trie.swift */ = {isa = PBXFileReference; lastKnownFileType = sourcecode.swift; path = Trie.swift; sourceTree = "<group>"; };
		OBJ_67 /* TrieSearchType.swift */ = {isa = PBXFileReference; lastKnownFileType = sourcecode.swift; path = TrieSearchType.swift; sourceTree = "<group>"; };
		OBJ_71 /* BinarySearchTreeTests.swift */ = {isa = PBXFileReference; lastKnownFileType = sourcecode.swift; path = BinarySearchTreeTests.swift; sourceTree = "<group>"; };
		OBJ_73 /* BitManipulatorTests.swift */ = {isa = PBXFileReference; lastKnownFileType = sourcecode.swift; path = BitManipulatorTests.swift; sourceTree = "<group>"; };
		OBJ_75 /* DynamicProgrammingTests.swift */ = {isa = PBXFileReference; lastKnownFileType = sourcecode.swift; path = DynamicProgrammingTests.swift; sourceTree = "<group>"; };
		OBJ_77 /* StringExtensionTests.swift */ = {isa = PBXFileReference; lastKnownFileType = sourcecode.swift; path = StringExtensionTests.swift; sourceTree = "<group>"; };
		OBJ_79 /* CardGameTests.swift */ = {isa = PBXFileReference; lastKnownFileType = sourcecode.swift; path = CardGameTests.swift; sourceTree = "<group>"; };
		OBJ_81 /* GraphTests.swift */ = {isa = PBXFileReference; lastKnownFileType = sourcecode.swift; path = GraphTests.swift; sourceTree = "<group>"; };
		OBJ_83 /* HashTableTests.swift */ = {isa = PBXFileReference; lastKnownFileType = sourcecode.swift; path = HashTableTests.swift; sourceTree = "<group>"; };
		OBJ_85 /* HeapTests.swift */ = {isa = PBXFileReference; lastKnownFileType = sourcecode.swift; path = HeapTests.swift; sourceTree = "<group>"; };
		OBJ_87 /* LinkedListTests.swift */ = {isa = PBXFileReference; lastKnownFileType = sourcecode.swift; path = LinkedListTests.swift; sourceTree = "<group>"; };
		OBJ_89 /* PrimeNumberCheckerTests.swift */ = {isa = PBXFileReference; lastKnownFileType = sourcecode.swift; path = PrimeNumberCheckerTests.swift; sourceTree = "<group>"; };
		OBJ_91 /* QueueTests.swift */ = {isa = PBXFileReference; lastKnownFileType = sourcecode.swift; path = QueueTests.swift; sourceTree = "<group>"; };
		OBJ_95 /* SearcherTests.swift */ = {isa = PBXFileReference; lastKnownFileType = sourcecode.swift; path = SearcherTests.swift; sourceTree = "<group>"; };
		OBJ_97 /* RestaurantTests.swift */ = {isa = PBXFileReference; lastKnownFileType = sourcecode.swift; path = RestaurantTests.swift; sourceTree = "<group>"; };
		OBJ_99 /* Person.swift */ = {isa = PBXFileReference; lastKnownFileType = sourcecode.swift; path = Person.swift; sourceTree = "<group>"; };
/* End PBXFileReference section */

/* Begin PBXFrameworksBuildPhase section */
		OBJ_154 /* Frameworks */ = {
			isa = PBXFrameworksBuildPhase;
			buildActionMask = 0;
			files = (
			);
			runOnlyForDeploymentPostprocessing = 0;
		};
		OBJ_192 /* Frameworks */ = {
			isa = PBXFrameworksBuildPhase;
			buildActionMask = 0;
			files = (
				OBJ_193 /* InterviewPrepCore.framework in Frameworks */,
			);
			runOnlyForDeploymentPostprocessing = 0;
		};
/* End PBXFrameworksBuildPhase section */

/* Begin PBXGroup section */
		284FE147CC30CBE52ED2EF83 /* Recursion */ = {
			isa = PBXGroup;
			children = (
				284FED61A17E1B48EE529AB8 /* Recursion.swift */,
			);
			path = Recursion;
			sourceTree = "<group>";
		};
		284FE1D379FA19EE288D7116 /* Array_Merger */ = {
			isa = PBXGroup;
			children = (
				284FEA9BC1A232C2496B8C0C /* ArrayMergerTests.swift */,
			);
			path = Array_Merger;
			sourceTree = "<group>";
		};
		284FE20635525C44E9D33D80 /* Binary_Tree_Node */ = {
			isa = PBXGroup;
			children = (
				284FEA43C05AC9F2AD1D3EB5 /* BinaryTreeNodeTests.swift */,
			);
			path = Binary_Tree_Node;
			sourceTree = "<group>";
		};
		284FE4108C8C900D071D1AE2 /* Discrete_Math */ = {
			isa = PBXGroup;
			children = (
				284FE69B21AF73DC2973CD65 /* DiscreteMathTests.swift */,
			);
			path = Discrete_Math;
			sourceTree = "<group>";
		};
		284FE82C3B3CCE307D7276E8 /* Discrete_Math */ = {
			isa = PBXGroup;
			children = (
				284FEBB865EABC2324710E3D /* DiscreteMath.swift */,
			);
			path = Discrete_Math;
			sourceTree = "<group>";
		};
		284FEA555E4AC494A2284D31 /* Recursion */ = {
			isa = PBXGroup;
			children = (
				284FE26B7BE80A370607579A /* RecursionTests.swift */,
			);
			path = Recursion;
			sourceTree = "<group>";
		};
		284FEB7C4799F08B9DAA90F2 /* Array_Merger */ = {
			isa = PBXGroup;
			children = (
				284FE584B361B4FB5D18F4F5 /* ArrayMerger.swift */,
			);
			path = Array_Merger;
			sourceTree = "<group>";
		};
		OBJ_101 /* Stack */ = {
			isa = PBXGroup;
			children = (
				OBJ_102 /* StackTests.swift */,
				OBJ_103 /* StackWithMinTests.swift */,
			);
			path = Stack;
			sourceTree = "<group>";
		};
		OBJ_104 /* String_Builder */ = {
			isa = PBXGroup;
			children = (
				OBJ_105 /* StringBuilderTests.swift */,
			);
			path = String_Builder;
			sourceTree = "<group>";
		};
		OBJ_106 /* Trie */ = {
			isa = PBXGroup;
			children = (
				OBJ_107 /* TrieTests.swift */,
			);
			path = Trie;
			sourceTree = "<group>";
		};
		OBJ_109 /* Products */ = {
			isa = PBXGroup;
			children = (
				"InterviewPrepCore::InterviewPrepCore::Product" /* InterviewPrepCore.framework */,
				"InterviewPrepCore::InterviewPrepCoreTests::Product" /* InterviewPrepCoreTests.xctest */,
			);
			name = Products;
			sourceTree = BUILT_PRODUCTS_DIR;
		};
		OBJ_16 /* Binary_Search_Tree */ = {
			isa = PBXGroup;
			children = (
				OBJ_17 /* BinarySearchTree.swift */,
			);
			path = Binary_Search_Tree;
			sourceTree = "<group>";
		};
		OBJ_19 /* Binary_Tree_Node */ = {
			isa = PBXGroup;
			children = (
				OBJ_20 /* BinaryTreeNode.swift */,
				284FED7C9960E67410687803 /* BinaryTreeNodeChildDirection.swift */,
			);
			path = Binary_Tree_Node;
			sourceTree = "<group>";
		};
		OBJ_21 /* Bit_Manipulation */ = {
			isa = PBXGroup;
			children = (
				OBJ_22 /* BitManipulator.swift */,
			);
			path = Bit_Manipulation;
			sourceTree = "<group>";
		};
		OBJ_25 /* Dynamic_Programming */ = {
			isa = PBXGroup;
			children = (
				OBJ_26 /* DynamicProgramming.swift */,
			);
			path = Dynamic_Programming;
			sourceTree = "<group>";
		};
		OBJ_27 /* Extensions */ = {
			isa = PBXGroup;
			children = (
				OBJ_28 /* ArrayExtension.swift */,
				OBJ_29 /* IntExtension.swift */,
				OBJ_30 /* StringExtension.swift */,
			);
			path = Extensions;
			sourceTree = "<group>";
		};
		OBJ_31 /* Factory_Method */ = {
			isa = PBXGroup;
			children = (
				OBJ_32 /* CardGame.swift */,
			);
			path = Factory_Method;
			sourceTree = "<group>";
		};
		OBJ_33 /* Graph */ = {
			isa = PBXGroup;
			children = (
				OBJ_34 /* EdgeDirectionType.swift */,
				OBJ_35 /* Graph.swift */,
				284FE6944722439773FF3B6A /* ProjectDependencyGraph.swift */,
				284FE84B0EBC142B98EEEA7A /* AdjacencyMatrix.swift */,
				284FE1AEC6854DB433DBE80C /* AdjacencyMatrixError.swift */,
				284FE98D876456F39E2D28CA /* TopologicalSortError.swift */,
				284FEDB6313543FCA2E37DEE /* WeightedAdjacencyMatrix.swift */,
				284FE75A631A629E635B2160 /* DijkstrasAlgorithmHeapElement.swift */,
			);
			path = Graph;
			sourceTree = "<group>";
		};
		OBJ_36 /* Grid */ = {
			isa = PBXGroup;
			children = (
				OBJ_37 /* GridPath.swift */,
				OBJ_38 /* GridPoint.swift */,
			);
			path = Grid;
			sourceTree = "<group>";
		};
		OBJ_39 /* Hash_Table */ = {
			isa = PBXGroup;
			children = (
				OBJ_40 /* HashTable.swift */,
			);
			path = Hash_Table;
			sourceTree = "<group>";
		};
		OBJ_41 /* Heap */ = {
			isa = PBXGroup;
			children = (
				OBJ_42 /* Heap.swift */,
				OBJ_43 /* HeapType.swift */,
			);
			path = Heap;
			sourceTree = "<group>";
		};
		OBJ_44 /* Linked_List */ = {
			isa = PBXGroup;
			children = (
				OBJ_45 /* LinkedList.swift */,
			);
			path = Linked_List;
			sourceTree = "<group>";
		};
		OBJ_46 /* List_Node */ = {
			isa = PBXGroup;
			children = (
				OBJ_47 /* ListNode.swift */,
			);
			path = List_Node;
			sourceTree = "<group>";
		};
		OBJ_48 /* Prime_Numbers */ = {
			isa = PBXGroup;
			children = (
				OBJ_49 /* PrimeNumberChecker.swift */,
			);
			path = Prime_Numbers;
			sourceTree = "<group>";
		};
		OBJ_5 /*  */ = {
			isa = PBXGroup;
			children = (
				OBJ_6 /* Package.swift */,
				OBJ_7 /* Sources */,
				OBJ_68 /* Tests */,
				OBJ_109 /* Products */,
				OBJ_112 /* README.md */,
			);
			name = "";
			sourceTree = "<group>";
		};
		OBJ_50 /* Queue */ = {
			isa = PBXGroup;
			children = (
				OBJ_51 /* Queue.swift */,
			);
			path = Queue;
			sourceTree = "<group>";
		};
		OBJ_54 /* Searching */ = {
			isa = PBXGroup;
			children = (
				OBJ_55 /* Searcher.swift */,
				284FE629EBB1096D43C9A7D3 /* Listy.swift */,
			);
			path = Searching;
			sourceTree = "<group>";
		};
		OBJ_56 /* Singleton_Class */ = {
			isa = PBXGroup;
			children = (
				OBJ_57 /* Restaurant.swift */,
			);
			path = Singleton_Class;
			sourceTree = "<group>";
		};
		OBJ_58 /* Sorting */ = {
			isa = PBXGroup;
			children = (
				OBJ_59 /* Sorter.swift */,
			);
			path = Sorting;
			sourceTree = "<group>";
		};
		OBJ_60 /* Stack */ = {
			isa = PBXGroup;
			children = (
				OBJ_61 /* Stack.swift */,
				OBJ_62 /* StackWithMin.swift */,
			);
			path = Stack;
			sourceTree = "<group>";
		};
		OBJ_63 /* String_Builder */ = {
			isa = PBXGroup;
			children = (
				OBJ_64 /* StringBuilder.swift */,
			);
			path = String_Builder;
			sourceTree = "<group>";
		};
		OBJ_65 /* Trie */ = {
			isa = PBXGroup;
			children = (
				OBJ_66 /* Trie.swift */,
				OBJ_67 /* TrieSearchType.swift */,
			);
			path = Trie;
			sourceTree = "<group>";
		};
		OBJ_68 /* Tests */ = {
			isa = PBXGroup;
			children = (
				OBJ_69 /* InterviewPrepCoreTests */,
			);
			name = Tests;
			sourceTree = SOURCE_ROOT;
		};
		OBJ_69 /* InterviewPrepCoreTests */ = {
			isa = PBXGroup;
			children = (
				OBJ_70 /* Binary_Search_Tree */,
				OBJ_72 /* Bit_Manipulation */,
				OBJ_74 /* Dynamic_Programming */,
				OBJ_76 /* Extensions */,
				OBJ_78 /* Factory_Method */,
				OBJ_80 /* Graph */,
				OBJ_82 /* Hash_Table */,
				OBJ_84 /* Heap */,
				OBJ_86 /* Linked_List */,
				OBJ_88 /* Prime_Numbers */,
				OBJ_90 /* Queue */,
				OBJ_94 /* Searching */,
				OBJ_96 /* Singleton_Class */,
				OBJ_98 /* Sorting */,
				OBJ_101 /* Stack */,
				OBJ_104 /* String_Builder */,
				OBJ_106 /* Trie */,
				OBJ_108 /* XCTestManifests.swift */,
				284FE20635525C44E9D33D80 /* Binary_Tree_Node */,
				284FE1D379FA19EE288D7116 /* Array_Merger */,
				284FE4108C8C900D071D1AE2 /* Discrete_Math */,
				284FEA555E4AC494A2284D31 /* Recursion */,
			);
			name = InterviewPrepCoreTests;
			path = Tests/InterviewPrepCoreTests;
			sourceTree = SOURCE_ROOT;
		};
		OBJ_7 /* Sources */ = {
			isa = PBXGroup;
			children = (
				OBJ_8 /* InterviewPrepCore */,
			);
			name = Sources;
			sourceTree = SOURCE_ROOT;
		};
		OBJ_70 /* Binary_Search_Tree */ = {
			isa = PBXGroup;
			children = (
				OBJ_71 /* BinarySearchTreeTests.swift */,
			);
			path = Binary_Search_Tree;
			sourceTree = "<group>";
		};
		OBJ_72 /* Bit_Manipulation */ = {
			isa = PBXGroup;
			children = (
				OBJ_73 /* BitManipulatorTests.swift */,
			);
			path = Bit_Manipulation;
			sourceTree = "<group>";
		};
		OBJ_74 /* Dynamic_Programming */ = {
			isa = PBXGroup;
			children = (
				OBJ_75 /* DynamicProgrammingTests.swift */,
			);
			path = Dynamic_Programming;
			sourceTree = "<group>";
		};
		OBJ_76 /* Extensions */ = {
			isa = PBXGroup;
			children = (
				OBJ_77 /* StringExtensionTests.swift */,
				284FE495ACBDB14B316FF125 /* ArrayExtensionTests.swift */,
				284FE2C99F64EF9A1F1B84BD /* IntExtensionTests.swift */,
			);
			path = Extensions;
			sourceTree = "<group>";
		};
		OBJ_78 /* Factory_Method */ = {
			isa = PBXGroup;
			children = (
				OBJ_79 /* CardGameTests.swift */,
			);
			path = Factory_Method;
			sourceTree = "<group>";
		};
		OBJ_8 /* InterviewPrepCore */ = {
			isa = PBXGroup;
			children = (
				OBJ_16 /* Binary_Search_Tree */,
				OBJ_19 /* Binary_Tree_Node */,
				OBJ_21 /* Bit_Manipulation */,
				OBJ_25 /* Dynamic_Programming */,
				OBJ_27 /* Extensions */,
				OBJ_31 /* Factory_Method */,
				OBJ_33 /* Graph */,
				OBJ_36 /* Grid */,
				OBJ_39 /* Hash_Table */,
				OBJ_41 /* Heap */,
				OBJ_44 /* Linked_List */,
				OBJ_46 /* List_Node */,
				OBJ_48 /* Prime_Numbers */,
				OBJ_50 /* Queue */,
				OBJ_54 /* Searching */,
				OBJ_56 /* Singleton_Class */,
				OBJ_58 /* Sorting */,
				OBJ_60 /* Stack */,
				OBJ_63 /* String_Builder */,
				OBJ_65 /* Trie */,
				284FEB7C4799F08B9DAA90F2 /* Array_Merger */,
				284FE82C3B3CCE307D7276E8 /* Discrete_Math */,
				284FE147CC30CBE52ED2EF83 /* Recursion */,
			);
			name = InterviewPrepCore;
			path = Sources/InterviewPrepCore;
			sourceTree = SOURCE_ROOT;
		};
		OBJ_80 /* Graph */ = {
			isa = PBXGroup;
			children = (
				OBJ_81 /* GraphTests.swift */,
				284FEA7CD488E3B9AF74303E /* ProjectDependencyGraphTests.swift */,
				284FEDD6EBF61EA6A30055EE /* AdjacencyMatrixTests.swift */,
				284FE399FA9B34078691CA0D /* WeightedAdjacencyMatrixTests.swift */,
			);
			path = Graph;
			sourceTree = "<group>";
		};
		OBJ_82 /* Hash_Table */ = {
			isa = PBXGroup;
			children = (
				OBJ_83 /* HashTableTests.swift */,
			);
			path = Hash_Table;
			sourceTree = "<group>";
		};
		OBJ_84 /* Heap */ = {
			isa = PBXGroup;
			children = (
				OBJ_85 /* HeapTests.swift */,
			);
			path = Heap;
			sourceTree = "<group>";
		};
		OBJ_86 /* Linked_List */ = {
			isa = PBXGroup;
			children = (
				OBJ_87 /* LinkedListTests.swift */,
			);
			path = Linked_List;
			sourceTree = "<group>";
		};
		OBJ_88 /* Prime_Numbers */ = {
			isa = PBXGroup;
			children = (
				OBJ_89 /* PrimeNumberCheckerTests.swift */,
			);
			path = Prime_Numbers;
			sourceTree = "<group>";
		};
		OBJ_90 /* Queue */ = {
			isa = PBXGroup;
			children = (
				OBJ_91 /* QueueTests.swift */,
			);
			path = Queue;
			sourceTree = "<group>";
		};
		OBJ_94 /* Searching */ = {
			isa = PBXGroup;
			children = (
				OBJ_95 /* SearcherTests.swift */,
				284FE3DE3FE750AE3EEA76BE /* ListyTests.swift */,
			);
			path = Searching;
			sourceTree = "<group>";
		};
		OBJ_96 /* Singleton_Class */ = {
			isa = PBXGroup;
			children = (
				OBJ_97 /* RestaurantTests.swift */,
			);
			path = Singleton_Class;
			sourceTree = "<group>";
		};
		OBJ_98 /* Sorting */ = {
			isa = PBXGroup;
			children = (
				OBJ_99 /* Person.swift */,
				OBJ_100 /* SorterTests.swift */,
			);
			path = Sorting;
			sourceTree = "<group>";
		};
/* End PBXGroup section */

/* Begin PBXNativeTarget section */
		"InterviewPrepCore::InterviewPrepCore" /* InterviewPrepCore */ = {
			isa = PBXNativeTarget;
			buildConfigurationList = OBJ_114 /* Build configuration list for PBXNativeTarget "InterviewPrepCore" */;
			buildPhases = (
				OBJ_117 /* Sources */,
				OBJ_154 /* Frameworks */,
			);
			buildRules = (
			);
			dependencies = (
			);
			name = InterviewPrepCore;
			productName = InterviewPrepCore;
			productReference = "InterviewPrepCore::InterviewPrepCore::Product" /* InterviewPrepCore.framework */;
			productType = "com.apple.product-type.framework";
		};
		"InterviewPrepCore::InterviewPrepCoreTests" /* InterviewPrepCoreTests */ = {
			isa = PBXNativeTarget;
			buildConfigurationList = OBJ_167 /* Build configuration list for PBXNativeTarget "InterviewPrepCoreTests" */;
			buildPhases = (
				OBJ_170 /* Sources */,
				OBJ_192 /* Frameworks */,
			);
			buildRules = (
			);
			dependencies = (
				OBJ_194 /* PBXTargetDependency */,
			);
			name = InterviewPrepCoreTests;
			productName = InterviewPrepCoreTests;
			productReference = "InterviewPrepCore::InterviewPrepCoreTests::Product" /* InterviewPrepCoreTests.xctest */;
			productType = "com.apple.product-type.bundle.unit-test";
		};
		"InterviewPrepCore::SwiftPMPackageDescription" /* InterviewPrepCorePackageDescription */ = {
			isa = PBXNativeTarget;
			buildConfigurationList = OBJ_156 /* Build configuration list for PBXNativeTarget "InterviewPrepCorePackageDescription" */;
			buildPhases = (
				OBJ_159 /* Sources */,
			);
			buildRules = (
			);
			dependencies = (
			);
			name = InterviewPrepCorePackageDescription;
			productName = InterviewPrepCorePackageDescription;
			productType = "com.apple.product-type.framework";
		};
/* End PBXNativeTarget section */

/* Begin PBXProject section */
		OBJ_1 /* Project object */ = {
			isa = PBXProject;
			attributes = {
				LastSwiftMigration = 9999;
				LastUpgradeCheck = 9999;
			};
			buildConfigurationList = OBJ_2 /* Build configuration list for PBXProject "InterviewPrepCore" */;
			compatibilityVersion = "Xcode 3.2";
			developmentRegion = en;
			hasScannedForEncodings = 0;
			knownRegions = (
				en,
			);
			mainGroup = OBJ_5 /*  */;
			productRefGroup = OBJ_109 /* Products */;
			projectDirPath = "";
			projectRoot = "";
			targets = (
				"InterviewPrepCore::InterviewPrepCore" /* InterviewPrepCore */,
				"InterviewPrepCore::SwiftPMPackageDescription" /* InterviewPrepCorePackageDescription */,
				"InterviewPrepCore::InterviewPrepCorePackageTests::ProductTarget" /* InterviewPrepCorePackageTests */,
				"InterviewPrepCore::InterviewPrepCoreTests" /* InterviewPrepCoreTests */,
			);
		};
/* End PBXProject section */

/* Begin PBXSourcesBuildPhase section */
		OBJ_117 /* Sources */ = {
			isa = PBXSourcesBuildPhase;
			buildActionMask = 0;
			files = (
				OBJ_124 /* BinarySearchTree.swift in Sources */,
				OBJ_126 /* BinaryTreeNode.swift in Sources */,
				OBJ_127 /* BitManipulator.swift in Sources */,
				OBJ_129 /* DynamicProgramming.swift in Sources */,
				OBJ_130 /* ArrayExtension.swift in Sources */,
				OBJ_131 /* IntExtension.swift in Sources */,
				OBJ_132 /* StringExtension.swift in Sources */,
				OBJ_133 /* CardGame.swift in Sources */,
				OBJ_134 /* EdgeDirectionType.swift in Sources */,
				OBJ_135 /* Graph.swift in Sources */,
				OBJ_136 /* GridPath.swift in Sources */,
				OBJ_137 /* GridPoint.swift in Sources */,
				OBJ_138 /* HashTable.swift in Sources */,
				OBJ_139 /* Heap.swift in Sources */,
				OBJ_140 /* HeapType.swift in Sources */,
				OBJ_141 /* LinkedList.swift in Sources */,
				OBJ_142 /* ListNode.swift in Sources */,
				OBJ_143 /* PrimeNumberChecker.swift in Sources */,
				OBJ_144 /* Queue.swift in Sources */,
				OBJ_146 /* Searcher.swift in Sources */,
				OBJ_147 /* Restaurant.swift in Sources */,
				OBJ_148 /* Sorter.swift in Sources */,
				OBJ_149 /* Stack.swift in Sources */,
				OBJ_150 /* StackWithMin.swift in Sources */,
				OBJ_151 /* StringBuilder.swift in Sources */,
				OBJ_152 /* Trie.swift in Sources */,
				OBJ_153 /* TrieSearchType.swift in Sources */,
				284FEFF69AE6044DC79DC71D /* BinaryTreeNodeChildDirection.swift in Sources */,
				284FE4E8FDC5BCCDB2D19040 /* ProjectDependencyGraph.swift in Sources */,
				284FE77EF9DD34401636DFE6 /* Listy.swift in Sources */,
				284FED8E054D29AA2075652E /* ArrayMerger.swift in Sources */,
				284FEF3BC2DAE89A03D50889 /* DiscreteMath.swift in Sources */,
				284FED8F56CF0C506E2BD1E7 /* Recursion.swift in Sources */,
				284FE2FC4AF74D20E493FEF6 /* AdjacencyMatrix.swift in Sources */,
				284FE428A885CE0960BF264B /* AdjacencyMatrixError.swift in Sources */,
				284FE40AD9CAF9A1E66F2C04 /* TopologicalSortError.swift in Sources */,
				284FE15E22C5B466633E4264 /* WeightedAdjacencyMatrix.swift in Sources */,
				284FED3BC9A1C7AFA18AB917 /* DijkstrasAlgorithmHeapElement.swift in Sources */,
			);
			runOnlyForDeploymentPostprocessing = 0;
		};
		OBJ_159 /* Sources */ = {
			isa = PBXSourcesBuildPhase;
			buildActionMask = 0;
			files = (
				OBJ_160 /* Package.swift in Sources */,
			);
			runOnlyForDeploymentPostprocessing = 0;
		};
		OBJ_170 /* Sources */ = {
			isa = PBXSourcesBuildPhase;
			buildActionMask = 0;
			files = (
				OBJ_171 /* BinarySearchTreeTests.swift in Sources */,
				OBJ_172 /* BitManipulatorTests.swift in Sources */,
				OBJ_173 /* DynamicProgrammingTests.swift in Sources */,
				OBJ_174 /* StringExtensionTests.swift in Sources */,
				OBJ_175 /* CardGameTests.swift in Sources */,
				OBJ_176 /* GraphTests.swift in Sources */,
				OBJ_177 /* HashTableTests.swift in Sources */,
				OBJ_178 /* HeapTests.swift in Sources */,
				OBJ_179 /* LinkedListTests.swift in Sources */,
				OBJ_180 /* PrimeNumberCheckerTests.swift in Sources */,
				OBJ_181 /* QueueTests.swift in Sources */,
				OBJ_183 /* SearcherTests.swift in Sources */,
				OBJ_184 /* RestaurantTests.swift in Sources */,
				OBJ_185 /* Person.swift in Sources */,
				OBJ_186 /* SorterTests.swift in Sources */,
				OBJ_187 /* StackTests.swift in Sources */,
				OBJ_188 /* StackWithMinTests.swift in Sources */,
				OBJ_189 /* StringBuilderTests.swift in Sources */,
				OBJ_190 /* TrieTests.swift in Sources */,
				OBJ_191 /* XCTestManifests.swift in Sources */,
				284FEB69E9C702C017A7EBD5 /* ArrayExtensionTests.swift in Sources */,
				284FEC10D1F7C2AF7AD55D55 /* BinaryTreeNodeTests.swift in Sources */,
				284FE9227BACBA6FAF6C41AB /* ProjectDependencyGraphTests.swift in Sources */,
				284FE1EC86C1C0AF414B4A91 /* ListyTests.swift in Sources */,
				284FEE5A1FC12E71A0420E45 /* ArrayMergerTests.swift in Sources */,
				284FEBC41154D04526D4297D /* DiscreteMathTests.swift in Sources */,
				284FEE08EE466D22C9D289EF /* RecursionTests.swift in Sources */,
				284FE1E1E8A235B5DD87D3A4 /* AdjacencyMatrixTests.swift in Sources */,
				284FE3A088EC342893F1D934 /* WeightedAdjacencyMatrixTests.swift in Sources */,
				284FE509AFC51B4C18ADE6CC /* IntExtensionTests.swift in Sources */,
			);
			runOnlyForDeploymentPostprocessing = 0;
		};
/* End PBXSourcesBuildPhase section */

/* Begin PBXTargetDependency section */
		OBJ_165 /* PBXTargetDependency */ = {
			isa = PBXTargetDependency;
			target = "InterviewPrepCore::InterviewPrepCoreTests" /* InterviewPrepCoreTests */;
			targetProxy = FE9CB978241BBD9800F45817 /* PBXContainerItemProxy */;
		};
		OBJ_194 /* PBXTargetDependency */ = {
			isa = PBXTargetDependency;
			target = "InterviewPrepCore::InterviewPrepCore" /* InterviewPrepCore */;
			targetProxy = FE9CB977241BBD9600F45817 /* PBXContainerItemProxy */;
		};
/* End PBXTargetDependency section */

/* Begin XCBuildConfiguration section */
		OBJ_115 /* Debug */ = {
			isa = XCBuildConfiguration;
			buildSettings = {
				ENABLE_TESTABILITY = YES;
				FRAMEWORK_SEARCH_PATHS = (
					"$(inherited)",
					"$(PLATFORM_DIR)/Developer/Library/Frameworks",
				);
				HEADER_SEARCH_PATHS = "$(inherited)";
				INFOPLIST_FILE = InterviewPrepCore.xcodeproj/InterviewPrepCore_Info.plist;
				IPHONEOS_DEPLOYMENT_TARGET = 8.0;
				LD_RUNPATH_SEARCH_PATHS = "$(inherited) $(TOOLCHAIN_DIR)/usr/lib/swift/macosx";
				MACOSX_DEPLOYMENT_TARGET = 10.10;
				OTHER_CFLAGS = "$(inherited)";
				OTHER_LDFLAGS = "$(inherited)";
				OTHER_SWIFT_FLAGS = "$(inherited)";
				PRODUCT_BUNDLE_IDENTIFIER = InterviewPrepCore;
				PRODUCT_MODULE_NAME = "$(TARGET_NAME:c99extidentifier)";
				PRODUCT_NAME = "$(TARGET_NAME:c99extidentifier)";
				SKIP_INSTALL = YES;
				SWIFT_ACTIVE_COMPILATION_CONDITIONS = "$(inherited)";
				SWIFT_VERSION = 5.0;
				TARGET_NAME = InterviewPrepCore;
				TVOS_DEPLOYMENT_TARGET = 9.0;
				WATCHOS_DEPLOYMENT_TARGET = 2.0;
			};
			name = Debug;
		};
		OBJ_116 /* Release */ = {
			isa = XCBuildConfiguration;
			buildSettings = {
				ENABLE_TESTABILITY = YES;
				FRAMEWORK_SEARCH_PATHS = (
					"$(inherited)",
					"$(PLATFORM_DIR)/Developer/Library/Frameworks",
				);
				HEADER_SEARCH_PATHS = "$(inherited)";
				INFOPLIST_FILE = InterviewPrepCore.xcodeproj/InterviewPrepCore_Info.plist;
				IPHONEOS_DEPLOYMENT_TARGET = 8.0;
				LD_RUNPATH_SEARCH_PATHS = "$(inherited) $(TOOLCHAIN_DIR)/usr/lib/swift/macosx";
				MACOSX_DEPLOYMENT_TARGET = 10.10;
				OTHER_CFLAGS = "$(inherited)";
				OTHER_LDFLAGS = "$(inherited)";
				OTHER_SWIFT_FLAGS = "$(inherited)";
				PRODUCT_BUNDLE_IDENTIFIER = InterviewPrepCore;
				PRODUCT_MODULE_NAME = "$(TARGET_NAME:c99extidentifier)";
				PRODUCT_NAME = "$(TARGET_NAME:c99extidentifier)";
				SKIP_INSTALL = YES;
				SWIFT_ACTIVE_COMPILATION_CONDITIONS = "$(inherited)";
				SWIFT_VERSION = 5.0;
				TARGET_NAME = InterviewPrepCore;
				TVOS_DEPLOYMENT_TARGET = 9.0;
				WATCHOS_DEPLOYMENT_TARGET = 2.0;
			};
			name = Release;
		};
		OBJ_157 /* Debug */ = {
			isa = XCBuildConfiguration;
			buildSettings = {
				LD = /usr/bin/true;
				OTHER_SWIFT_FLAGS = "-swift-version 5 -I $(TOOLCHAIN_DIR)/usr/lib/swift/pm/4_2 -target x86_64-apple-macosx10.10 -sdk /Applications/Xcode.app/Contents/Developer/Platforms/MacOSX.platform/Developer/SDKs/MacOSX10.15.sdk -package-description-version 5.1";
				SWIFT_VERSION = 5.0;
			};
			name = Debug;
		};
		OBJ_158 /* Release */ = {
			isa = XCBuildConfiguration;
			buildSettings = {
				LD = /usr/bin/true;
				OTHER_SWIFT_FLAGS = "-swift-version 5 -I $(TOOLCHAIN_DIR)/usr/lib/swift/pm/4_2 -target x86_64-apple-macosx10.10 -sdk /Applications/Xcode.app/Contents/Developer/Platforms/MacOSX.platform/Developer/SDKs/MacOSX10.15.sdk -package-description-version 5.1";
				SWIFT_VERSION = 5.0;
			};
			name = Release;
		};
		OBJ_163 /* Debug */ = {
			isa = XCBuildConfiguration;
			buildSettings = {
			};
			name = Debug;
		};
		OBJ_164 /* Release */ = {
			isa = XCBuildConfiguration;
			buildSettings = {
			};
			name = Release;
		};
		OBJ_168 /* Debug */ = {
			isa = XCBuildConfiguration;
			buildSettings = {
				CLANG_ENABLE_MODULES = YES;
				EMBEDDED_CONTENT_CONTAINS_SWIFT = YES;
				FRAMEWORK_SEARCH_PATHS = (
					"$(inherited)",
					"$(PLATFORM_DIR)/Developer/Library/Frameworks",
				);
				HEADER_SEARCH_PATHS = "$(inherited)";
				INFOPLIST_FILE = InterviewPrepCore.xcodeproj/InterviewPrepCoreTests_Info.plist;
				IPHONEOS_DEPLOYMENT_TARGET = 8.0;
				LD_RUNPATH_SEARCH_PATHS = "$(inherited) @loader_path/../Frameworks @loader_path/Frameworks";
				MACOSX_DEPLOYMENT_TARGET = 10.10;
				OTHER_CFLAGS = "$(inherited)";
				OTHER_LDFLAGS = "$(inherited)";
				OTHER_SWIFT_FLAGS = "$(inherited)";
				SWIFT_ACTIVE_COMPILATION_CONDITIONS = "$(inherited)";
				SWIFT_VERSION = 5.0;
				TARGET_NAME = InterviewPrepCoreTests;
				TVOS_DEPLOYMENT_TARGET = 9.0;
				WATCHOS_DEPLOYMENT_TARGET = 2.0;
			};
			name = Debug;
		};
		OBJ_169 /* Release */ = {
			isa = XCBuildConfiguration;
			buildSettings = {
				CLANG_ENABLE_MODULES = YES;
				EMBEDDED_CONTENT_CONTAINS_SWIFT = YES;
				FRAMEWORK_SEARCH_PATHS = (
					"$(inherited)",
					"$(PLATFORM_DIR)/Developer/Library/Frameworks",
				);
				HEADER_SEARCH_PATHS = "$(inherited)";
				INFOPLIST_FILE = InterviewPrepCore.xcodeproj/InterviewPrepCoreTests_Info.plist;
				IPHONEOS_DEPLOYMENT_TARGET = 8.0;
				LD_RUNPATH_SEARCH_PATHS = "$(inherited) @loader_path/../Frameworks @loader_path/Frameworks";
				MACOSX_DEPLOYMENT_TARGET = 10.10;
				OTHER_CFLAGS = "$(inherited)";
				OTHER_LDFLAGS = "$(inherited)";
				OTHER_SWIFT_FLAGS = "$(inherited)";
				SWIFT_ACTIVE_COMPILATION_CONDITIONS = "$(inherited)";
				SWIFT_VERSION = 5.0;
				TARGET_NAME = InterviewPrepCoreTests;
				TVOS_DEPLOYMENT_TARGET = 9.0;
				WATCHOS_DEPLOYMENT_TARGET = 2.0;
			};
			name = Release;
		};
		OBJ_3 /* Debug */ = {
			isa = XCBuildConfiguration;
			buildSettings = {
				CLANG_ENABLE_OBJC_ARC = YES;
				COMBINE_HIDPI_IMAGES = YES;
				COPY_PHASE_STRIP = NO;
				DEBUG_INFORMATION_FORMAT = dwarf;
				DYLIB_INSTALL_NAME_BASE = "@rpath";
				ENABLE_NS_ASSERTIONS = YES;
				GCC_OPTIMIZATION_LEVEL = 0;
				GCC_PREPROCESSOR_DEFINITIONS = (
					"$(inherited)",
					"SWIFT_PACKAGE=1",
					"DEBUG=1",
				);
				MACOSX_DEPLOYMENT_TARGET = 10.10;
				ONLY_ACTIVE_ARCH = YES;
				OTHER_SWIFT_FLAGS = "$(inherited) -DXcode";
				PRODUCT_NAME = "$(TARGET_NAME)";
				SDKROOT = macosx;
				SUPPORTED_PLATFORMS = "macosx iphoneos iphonesimulator appletvos appletvsimulator watchos watchsimulator";
				SWIFT_ACTIVE_COMPILATION_CONDITIONS = "$(inherited) SWIFT_PACKAGE DEBUG";
				SWIFT_OPTIMIZATION_LEVEL = "-Onone";
				USE_HEADERMAP = NO;
			};
			name = Debug;
		};
		OBJ_4 /* Release */ = {
			isa = XCBuildConfiguration;
			buildSettings = {
				CLANG_ENABLE_OBJC_ARC = YES;
				COMBINE_HIDPI_IMAGES = YES;
				COPY_PHASE_STRIP = YES;
				DEBUG_INFORMATION_FORMAT = "dwarf-with-dsym";
				DYLIB_INSTALL_NAME_BASE = "@rpath";
				GCC_OPTIMIZATION_LEVEL = s;
				GCC_PREPROCESSOR_DEFINITIONS = (
					"$(inherited)",
					"SWIFT_PACKAGE=1",
				);
				MACOSX_DEPLOYMENT_TARGET = 10.10;
				OTHER_SWIFT_FLAGS = "$(inherited) -DXcode";
				PRODUCT_NAME = "$(TARGET_NAME)";
				SDKROOT = macosx;
				SUPPORTED_PLATFORMS = "macosx iphoneos iphonesimulator appletvos appletvsimulator watchos watchsimulator";
				SWIFT_ACTIVE_COMPILATION_CONDITIONS = "$(inherited) SWIFT_PACKAGE";
				SWIFT_OPTIMIZATION_LEVEL = "-Owholemodule";
				USE_HEADERMAP = NO;
			};
			name = Release;
		};
/* End XCBuildConfiguration section */

/* Begin XCConfigurationList section */
		OBJ_114 /* Build configuration list for PBXNativeTarget "InterviewPrepCore" */ = {
			isa = XCConfigurationList;
			buildConfigurations = (
				OBJ_115 /* Debug */,
				OBJ_116 /* Release */,
			);
			defaultConfigurationIsVisible = 0;
			defaultConfigurationName = Release;
		};
		OBJ_156 /* Build configuration list for PBXNativeTarget "InterviewPrepCorePackageDescription" */ = {
			isa = XCConfigurationList;
			buildConfigurations = (
				OBJ_157 /* Debug */,
				OBJ_158 /* Release */,
			);
			defaultConfigurationIsVisible = 0;
			defaultConfigurationName = Release;
		};
		OBJ_162 /* Build configuration list for PBXAggregateTarget "InterviewPrepCorePackageTests" */ = {
			isa = XCConfigurationList;
			buildConfigurations = (
				OBJ_163 /* Debug */,
				OBJ_164 /* Release */,
			);
			defaultConfigurationIsVisible = 0;
			defaultConfigurationName = Release;
		};
		OBJ_167 /* Build configuration list for PBXNativeTarget "InterviewPrepCoreTests" */ = {
			isa = XCConfigurationList;
			buildConfigurations = (
				OBJ_168 /* Debug */,
				OBJ_169 /* Release */,
			);
			defaultConfigurationIsVisible = 0;
			defaultConfigurationName = Release;
		};
		OBJ_2 /* Build configuration list for PBXProject "InterviewPrepCore" */ = {
			isa = XCConfigurationList;
			buildConfigurations = (
				OBJ_3 /* Debug */,
				OBJ_4 /* Release */,
			);
			defaultConfigurationIsVisible = 0;
			defaultConfigurationName = Release;
		};
/* End XCConfigurationList section */
	};
	rootObject = OBJ_1 /* Project object */;
}
